{
  "name": "recorder",
  "version": "1.0.0",
  "lockfileVersion": 1,
  "requires": true,
  "dependencies": {
    "@medv/finder": {
      "version": "2.0.0",
      "resolved": "https://registry.npmjs.org/@medv/finder/-/finder-2.0.0.tgz",
      "integrity": "sha512-gV4jOsGpiWNDGd8Dw7tod1Fc9Gc7StaOT4oZ/6srHRWtsHU+HYWzmkYsa3Qy/z0e9tY1WpJ9wWdBFGskfbzoug=="
    },
    "typescript": {
      "version": "4.3.5",
      "resolved": "https://registry.npmjs.org/typescript/-/typescript-4.3.5.tgz",
      "integrity": "sha512-DqQgihaQ9cUrskJo9kIyW/+g0Vxsk8cDtZ52a3NGh0YNTfpUSArXSohyUGnvbPazEPLu398C0UxmKSOrPumUzA==",
      "dev": true
    }
  }
}
